
Microsoft Visual Studio Solution File, Format Version 12.00
# Visual Studio Version 17
VisualStudioVersion = 17.3.32929.385
MinimumVisualStudioVersion = 10.0.40219.1
Project("{FAE04EC0-301F-11D3-BF4B-00C04F79EFBC}") = "ASPNETCoreMVC", "ASPNETCoreMVC\ASPNETCoreMVC.csproj", "{227EB0A4-8AD7-4740-925E-6C1479295E65}"
EndProject
Global
	GlobalSection(SolutionConfigurationPlatforms) = preSolution
		Debug|Any CPU = Debug|Any CPU
		Release|Any CPU = Release|Any CPU
	EndGlobalSection
	GlobalSection(ProjectConfigurationPlatforms) = postSolution
		{227EB0A4-8AD7-4740-925E-6C1479295E65}.Debug|Any CPU.ActiveCfg = Debug|Any CPU
		{227EB0A4-8AD7-4740-925E-6C1479295E65}.Debug|Any CPU.Build.0 = Debug|Any CPU
		{227EB0A4-8AD7-4740-925E-6C1479295E65}.Release|Any CPU.ActiveCfg = Release|Any CPU
		{227EB0A4-8AD7-4740-925E-6C1479295E65}.Release|Any CPU.Build.0 = Release|Any CPU
	EndGlobalSection
	GlobalSection(SolutionProperties) = preSolution
		HideSolutionNode = FALSE
	EndGlobalSection
	GlobalSection(ExtensibilityGlobals) = postSolution
		SolutionGuid = {0208EE03-8AC6-4399-B9D4-0238F3213448}
	EndGlobalSection
EndGlobal
